
Microsoft Visual Studio Solution File, Format Version 12.00
# Visual Studio Version 17
VisualStudioVersion = 17.6.33829.357
MinimumVisualStudioVersion = 10.0.40219.1
Project("{FAE04EC0-301F-11D3-BF4B-00C04F79EFBC}") = "SCPSBP", "SCPSBP\SCPSBP.csproj", "{F7EB6A3A-F104-4233-8A37-B2718CCE89F7}"
EndProject
Global
	GlobalSection(SolutionConfigurationPlatforms) = preSolution
		Debug|Any CPU = Debug|Any CPU
		Release|Any CPU = Release|Any CPU
	EndGlobalSection
	GlobalSection(ProjectConfigurationPlatforms) = postSolution
		{F7EB6A3A-F104-4233-8A37-B2718CCE89F7}.Debug|Any CPU.ActiveCfg = Debug|Any CPU
		{F7EB6A3A-F104-4233-8A37-B2718CCE89F7}.Debug|Any CPU.Build.0 = Debug|Any CPU
		{F7EB6A3A-F104-4233-8A37-B2718CCE89F7}.Release|Any CPU.ActiveCfg = Release|Any CPU
		{F7EB6A3A-F104-4233-8A37-B2718CCE89F7}.Release|Any CPU.Build.0 = Release|Any CPU
	EndGlobalSection
	GlobalSection(SolutionProperties) = preSolution
		HideSolutionNode = FALSE
	EndGlobalSection
	GlobalSection(ExtensibilityGlobals) = postSolution
		SolutionGuid = {96BCC95B-B70B-4ABA-9061-80139FA645F6}
	EndGlobalSection
EndGlobal
